
Microsoft Visual Studio Solution File, Format Version 12.00
# Visual Studio Version 16
VisualStudioVersion = 16.0.30523.141
MinimumVisualStudioVersion = 10.0.40219.1
Project("{FAE04EC0-301F-11D3-BF4B-00C04F79EFBC}") = "MiniProject", "MiniProject\MiniProject.csproj", "{871FF38C-15FC-49B2-B611-C67C514AB039}"
EndProject
Global
	GlobalSection(SolutionConfigurationPlatforms) = preSolution
		Debug|Any CPU = Debug|Any CPU
		Release|Any CPU = Release|Any CPU
	EndGlobalSection
	GlobalSection(ProjectConfigurationPlatforms) = postSolution
		{871FF38C-15FC-49B2-B611-C67C514AB039}.Debug|Any CPU.ActiveCfg = Debug|Any CPU
		{871FF38C-15FC-49B2-B611-C67C514AB039}.Debug|Any CPU.Build.0 = Debug|Any CPU
		{871FF38C-15FC-49B2-B611-C67C514AB039}.Release|Any CPU.ActiveCfg = Release|Any CPU
		{871FF38C-15FC-49B2-B611-C67C514AB039}.Release|Any CPU.Build.0 = Release|Any CPU
	EndGlobalSection
	GlobalSection(SolutionProperties) = preSolution
		HideSolutionNode = FALSE
	EndGlobalSection
	GlobalSection(ExtensibilityGlobals) = postSolution
		SolutionGuid = {006F6AC7-1735-49E7-AA35-27C14D3CF5DC}
	EndGlobalSection
EndGlobal
